
Microsoft Visual Studio Solution File, Format Version 12.00
# Visual Studio 15
VisualStudioVersion = 15.0.28010.0
MinimumVisualStudioVersion = 10.0.40219.1
Project("{2150E333-8FDC-42A3-9474-1A3956D46DE8}") = "BLL", "BLL", "{D99FC147-FE28-42BB-AEC0-DF1BE703982C}"
EndProject
Project("{2150E333-8FDC-42A3-9474-1A3956D46DE8}") = "DAL", "DAL", "{E279286B-E559-4185-B8C0-B1F36BEC95EF}"
EndProject
Project("{2150E333-8FDC-42A3-9474-1A3956D46DE8}") = "Model", "Model", "{DFF626A6-0322-480F-A564-8AE5109784CB}"
EndProject
Project("{2150E333-8FDC-42A3-9474-1A3956D46DE8}") = "UI", "UI", "{690282B7-C6B1-44F1-A07C-AAD15CEB5298}"
EndProject
Project("{FAE04EC0-301F-11D3-BF4B-00C04F79EFBC}") = "Shop.BLL", "Shop.BLL\Shop.BLL.csproj", "{FDEBED2F-B878-41A7-B243-1C94764D1C46}"
EndProject
Project("{FAE04EC0-301F-11D3-BF4B-00C04F79EFBC}") = "Shop.IBLL", "Shop.IBLL\Shop.IBLL.csproj", "{50D8B373-1A22-4437-BD8F-C76E5797C48E}"
EndProject
Project("{FAE04EC0-301F-11D3-BF4B-00C04F79EFBC}") = "Shop.BLLContainer", "Shop.BLLContainer\Shop.BLLContainer.csproj", "{D6853DE2-BFB5-459D-A9F9-40E1D3607CEA}"
EndProject
Project("{FAE04EC0-301F-11D3-BF4B-00C04F79EFBC}") = "Shop.DAL", "Shop.DAL\Shop.DAL.csproj", "{22B62AB6-0C80-4EFB-AE25-494F9B29D5BA}"
EndProject
Project("{FAE04EC0-301F-11D3-BF4B-00C04F79EFBC}") = "Shop.IDAL", "Shop.IDAL\Shop.IDAL.csproj", "{98FF4694-1499-41D8-A30E-57C578567E22}"
EndProject
Project("{FAE04EC0-301F-11D3-BF4B-00C04F79EFBC}") = "Shop.DALContainer", "Shop.DALContainer\Shop.DALContainer.csproj", "{3ACAAA6A-462E-427A-9EEF-4F9D35C5BDA4}"
EndProject
Project("{FAE04EC0-301F-11D3-BF4B-00C04F79EFBC}") = "Shop.Model", "Shop.Model\Shop.Model.csproj", "{D070A745-9598-460C-B72B-769AA4B1082F}"
EndProject
Project("{FAE04EC0-301F-11D3-BF4B-00C04F79EFBC}") = "Shop.Web", "Shop.Web\Shop.Web.csproj", "{98061AFD-CBAA-47BE-8A6A-425173D44E67}"
EndProject
Project("{2150E333-8FDC-42A3-9474-1A3956D46DE8}") = "Common", "Common", "{4A581405-5A2F-4C1F-B4A6-EB982F93F61D}"
EndProject
Project("{FAE04EC0-301F-11D3-BF4B-00C04F79EFBC}") = "Shop.Common", "Shop.Common\Shop.Common.csproj", "{52D0E042-5B0C-4680-99CE-E78BF829A4F9}"
EndProject
Global
	GlobalSection(SolutionConfigurationPlatforms) = preSolution
		Debug|Any CPU = Debug|Any CPU
		Release|Any CPU = Release|Any CPU
	EndGlobalSection
	GlobalSection(ProjectConfigurationPlatforms) = postSolution
		{FDEBED2F-B878-41A7-B243-1C94764D1C46}.Debug|Any CPU.ActiveCfg = Debug|Any CPU
		{FDEBED2F-B878-41A7-B243-1C94764D1C46}.Debug|Any CPU.Build.0 = Debug|Any CPU
		{FDEBED2F-B878-41A7-B243-1C94764D1C46}.Release|Any CPU.ActiveCfg = Release|Any CPU
		{FDEBED2F-B878-41A7-B243-1C94764D1C46}.Release|Any CPU.Build.0 = Release|Any CPU
		{50D8B373-1A22-4437-BD8F-C76E5797C48E}.Debug|Any CPU.ActiveCfg = Debug|Any CPU
		{50D8B373-1A22-4437-BD8F-C76E5797C48E}.Debug|Any CPU.Build.0 = Debug|Any CPU
		{50D8B373-1A22-4437-BD8F-C76E5797C48E}.Release|Any CPU.ActiveCfg = Release|Any CPU
		{50D8B373-1A22-4437-BD8F-C76E5797C48E}.Release|Any CPU.Build.0 = Release|Any CPU
		{D6853DE2-BFB5-459D-A9F9-40E1D3607CEA}.Debug|Any CPU.ActiveCfg = Debug|Any CPU
		{D6853DE2-BFB5-459D-A9F9-40E1D3607CEA}.Debug|Any CPU.Build.0 = Debug|Any CPU
		{D6853DE2-BFB5-459D-A9F9-40E1D3607CEA}.Release|Any CPU.ActiveCfg = Release|Any CPU
		{D6853DE2-BFB5-459D-A9F9-40E1D3607CEA}.Release|Any CPU.Build.0 = Release|Any CPU
		{22B62AB6-0C80-4EFB-AE25-494F9B29D5BA}.Debug|Any CPU.ActiveCfg = Debug|Any CPU
		{22B62AB6-0C80-4EFB-AE25-494F9B29D5BA}.Debug|Any CPU.Build.0 = Debug|Any CPU
		{22B62AB6-0C80-4EFB-AE25-494F9B29D5BA}.Release|Any CPU.ActiveCfg = Release|Any CPU
		{22B62AB6-0C80-4EFB-AE25-494F9B29D5BA}.Release|Any CPU.Build.0 = Release|Any CPU
		{98FF4694-1499-41D8-A30E-57C578567E22}.Debug|Any CPU.ActiveCfg = Debug|Any CPU
		{98FF4694-1499-41D8-A30E-57C578567E22}.Debug|Any CPU.Build.0 = Debug|Any CPU
		{98FF4694-1499-41D8-A30E-57C578567E22}.Release|Any CPU.ActiveCfg = Release|Any CPU
		{98FF4694-1499-41D8-A30E-57C578567E22}.Release|Any CPU.Build.0 = Release|Any CPU
		{3ACAAA6A-462E-427A-9EEF-4F9D35C5BDA4}.Debug|Any CPU.ActiveCfg = Debug|Any CPU
		{3ACAAA6A-462E-427A-9EEF-4F9D35C5BDA4}.Debug|Any CPU.Build.0 = Debug|Any CPU
		{3ACAAA6A-462E-427A-9EEF-4F9D35C5BDA4}.Release|Any CPU.ActiveCfg = Release|Any CPU
		{3ACAAA6A-462E-427A-9EEF-4F9D35C5BDA4}.Release|Any CPU.Build.0 = Release|Any CPU
		{D070A745-9598-460C-B72B-769AA4B1082F}.Debug|Any CPU.ActiveCfg = Debug|Any CPU
		{D070A745-9598-460C-B72B-769AA4B1082F}.Debug|Any CPU.Build.0 = Debug|Any CPU
		{D070A745-9598-460C-B72B-769AA4B1082F}.Release|Any CPU.ActiveCfg = Release|Any CPU
		{D070A745-9598-460C-B72B-769AA4B1082F}.Release|Any CPU.Build.0 = Release|Any CPU
		{98061AFD-CBAA-47BE-8A6A-425173D44E67}.Debug|Any CPU.ActiveCfg = Debug|Any CPU
		{98061AFD-CBAA-47BE-8A6A-425173D44E67}.Debug|Any CPU.Build.0 = Debug|Any CPU
		{98061AFD-CBAA-47BE-8A6A-425173D44E67}.Release|Any CPU.ActiveCfg = Release|Any CPU
		{98061AFD-CBAA-47BE-8A6A-425173D44E67}.Release|Any CPU.Build.0 = Release|Any CPU
		{52D0E042-5B0C-4680-99CE-E78BF829A4F9}.Debug|Any CPU.ActiveCfg = Debug|Any CPU
		{52D0E042-5B0C-4680-99CE-E78BF829A4F9}.Debug|Any CPU.Build.0 = Debug|Any CPU
		{52D0E042-5B0C-4680-99CE-E78BF829A4F9}.Release|Any CPU.ActiveCfg = Release|Any CPU
		{52D0E042-5B0C-4680-99CE-E78BF829A4F9}.Release|Any CPU.Build.0 = Release|Any CPU
	EndGlobalSection
	GlobalSection(SolutionProperties) = preSolution
		HideSolutionNode = FALSE
	EndGlobalSection
	GlobalSection(NestedProjects) = preSolution
		{FDEBED2F-B878-41A7-B243-1C94764D1C46} = {D99FC147-FE28-42BB-AEC0-DF1BE703982C}
		{50D8B373-1A22-4437-BD8F-C76E5797C48E} = {D99FC147-FE28-42BB-AEC0-DF1BE703982C}
		{D6853DE2-BFB5-459D-A9F9-40E1D3607CEA} = {D99FC147-FE28-42BB-AEC0-DF1BE703982C}
		{22B62AB6-0C80-4EFB-AE25-494F9B29D5BA} = {E279286B-E559-4185-B8C0-B1F36BEC95EF}
		{98FF4694-1499-41D8-A30E-57C578567E22} = {E279286B-E559-4185-B8C0-B1F36BEC95EF}
		{3ACAAA6A-462E-427A-9EEF-4F9D35C5BDA4} = {E279286B-E559-4185-B8C0-B1F36BEC95EF}
		{D070A745-9598-460C-B72B-769AA4B1082F} = {DFF626A6-0322-480F-A564-8AE5109784CB}
		{98061AFD-CBAA-47BE-8A6A-425173D44E67} = {690282B7-C6B1-44F1-A07C-AAD15CEB5298}
		{52D0E042-5B0C-4680-99CE-E78BF829A4F9} = {4A581405-5A2F-4C1F-B4A6-EB982F93F61D}
	EndGlobalSection
	GlobalSection(ExtensibilityGlobals) = postSolution
		SolutionGuid = {B7F71C18-12E4-469D-96AF-F8922430E946}
	EndGlobalSection
EndGlobal
